// !$*UTF8*$!
{
	archiveVersion = 1;
	classes = {
	};
	objectVersion = 46;
	objects = {

/* Begin PBXBuildFile section */
		F378E0551E76369A00CE2CD0 /* AppDelegate.swift in Sources */ = {isa = PBXBuildFile; fileRef = F378E0541E76369A00CE2CD0 /* AppDelegate.swift */; };
		F378E0571E76369A00CE2CD0 /* ViewController.swift in Sources */ = {isa = PBXBuildFile; fileRef = F378E0561E76369A00CE2CD0 /* ViewController.swift */; };
		F378E05A1E76369A00CE2CD0 /* Main.storyboard in Resources */ = {isa = PBXBuildFile; fileRef = F378E0581E76369A00CE2CD0 /* Main.storyboard */; };
		F378E05C1E76369A00CE2CD0 /* Assets.xcassets in Resources */ = {isa = PBXBuildFile; fileRef = F378E05B1E76369A00CE2CD0 /* Assets.xcassets */; };
		F378E05F1E76369A00CE2CD0 /* LaunchScreen.storyboard in Resources */ = {isa = PBXBuildFile; fileRef = F378E05D1E76369A00CE2CD0 /* LaunchScreen.storyboard */; };
		F378E06A1E76369A00CE2CD0 /* FYPFoodDiaryAppTests.swift in Sources */ = {isa = PBXBuildFile; fileRef = F378E0691E76369A00CE2CD0 /* FYPFoodDiaryAppTests.swift */; };
		F378E0751E76369A00CE2CD0 /* FYPFoodDiaryAppUITests.swift in Sources */ = {isa = PBXBuildFile; fileRef = F378E0741E76369A00CE2CD0 /* FYPFoodDiaryAppUITests.swift */; };
/* End PBXBuildFile section */

/* Begin PBXContainerItemProxy section */
		F378E0661E76369A00CE2CD0 /* PBXContainerItemProxy */ = {
			isa = PBXContainerItemProxy;
			containerPortal = F378E0491E76369A00CE2CD0 /* Project object */;
			proxyType = 1;
			remoteGlobalIDString = F378E0501E76369A00CE2CD0;
			remoteInfo = FYPFoodDiaryApp;
		};
		F378E0711E76369A00CE2CD0 /* PBXContainerItemProxy */ = {
			isa = PBXContainerItemProxy;
			containerPortal = F378E0491E76369A00CE2CD0 /* Project object */;
			proxyType = 1;
			remoteGlobalIDString = F378E0501E76369A00CE2CD0;
			remoteInfo = FYPFoodDiaryApp;
		};
/* End PBXContainerItemProxy section */

/* Begin PBXFileReference section */
		F378E0511E76369A00CE2CD0 /* FYPFoodDiaryApp.app */ = {isa = PBXFileReference; explicitFileType = wrapper.application; includeInIndex = 0; path = FYPFoodDiaryApp.app; sourceTree = BUILT_PRODUCTS_DIR; };
		F378E0541E76369A00CE2CD0 /* AppDelegate.swift */ = {isa = PBXFileReference; lastKnownFileType = sourcecode.swift; path = AppDelegate.swift; sourceTree = "<group>"; };
		F378E0561E76369A00CE2CD0 /* ViewController.swift */ = {isa = PBXFileReference; lastKnownFileType = sourcecode.swift; path = ViewController.swift; sourceTree = "<group>"; };
		F378E0591E76369A00CE2CD0 /* Base */ = {isa = PBXFileReference; lastKnownFileType = file.storyboard; name = Base; path = Base.lproj/Main.storyboard; sourceTree = "<group>"; };
		F378E05B1E76369A00CE2CD0 /* Assets.xcassets */ = {isa = PBXFileReference; lastKnownFileType = folder.assetcatalog; path = Assets.xcassets; sourceTree = "<group>"; };
		F378E05E1E76369A00CE2CD0 /* Base */ = {isa = PBXFileReference; lastKnownFileType = file.storyboard; name = Base; path = Base.lproj/LaunchScreen.storyboard; sourceTree = "<group>"; };
		F378E0601E76369A00CE2CD0 /* Info.plist */ = {isa = PBXFileReference; lastKnownFileType = text.plist.xml; path = Info.plist; sourceTree = "<group>"; };
		F378E0651E76369A00CE2CD0 /* FYPFoodDiaryAppTests.xctest */ = {isa = PBXFileReference; explicitFileType = wrapper.cfbundle; includeInIndex = 0; path = FYPFoodDiaryAppTests.xctest; sourceTree = BUILT_PRODUCTS_DIR; };
		F378E0691E76369A00CE2CD0 /* FYPFoodDiaryAppTests.swift */ = {isa = PBXFileReference; lastKnownFileType = sourcecode.swift; path = FYPFoodDiaryAppTests.swift; sourceTree = "<group>"; };
		F378E06B1E76369A00CE2CD0 /* Info.plist */ = {isa = PBXFileReference; lastKnownFileType = text.plist.xml; path = Info.plist; sourceTree = "<group>"; };
		F378E0701E76369A00CE2CD0 /* FYPFoodDiaryAppUITests.xctest */ = {isa = PBXFileReference; explicitFileType = wrapper.cfbundle; includeInIndex = 0; path = FYPFoodDiaryAppUITests.xctest; sourceTree = BUILT_PRODUCTS_DIR; };
		F378E0741E76369A00CE2CD0 /* FYPFoodDiaryAppUITests.swift */ = {isa = PBXFileReference; lastKnownFileType = sourcecode.swift; path = FYPFoodDiaryAppUITests.swift; sourceTree = "<group>"; };
		F378E0761E76369A00CE2CD0 /* Info.plist */ = {isa = PBXFileReference; lastKnownFileType = text.plist.xml; path = Info.plist; sourceTree = "<group>"; };
/* End PBXFileReference section */

/* Begin PBXFrameworksBuildPhase section */
		F378E04E1E76369A00CE2CD0 /* Frameworks */ = {
			isa = PBXFrameworksBuildPhase;
			buildActionMask = 2147483647;
			files = (
			);
			runOnlyForDeploymentPostprocessing = 0;
		};
		F378E0621E76369A00CE2CD0 /* Frameworks */ = {
			isa = PBXFrameworksBuildPhase;
			buildActionMask = 2147483647;
			files = (
			);
			runOnlyForDeploymentPostprocessing = 0;
		};
		F378E06D1E76369A00CE2CD0 /* Frameworks */ = {
			isa = PBXFrameworksBuildPhase;
			buildActionMask = 2147483647;
			files = (
			);
			runOnlyForDeploymentPostprocessing = 0;
		};
/* End PBXFrameworksBuildPhase section */

/* Begin PBXGroup section */
		F378E0481E76369A00CE2CD0 = {
			isa = PBXGroup;
			children = (
				F378E0531E76369A00CE2CD0 /* FYPFoodDiaryApp */,
				F378E0681E76369A00CE2CD0 /* FYPFoodDiaryAppTests */,
				F378E0731E76369A00CE2CD0 /* FYPFoodDiaryAppUITests */,
				F378E0521E76369A00CE2CD0 /* Products */,
			);
			sourceTree = "<group>";
		};
		F378E0521E76369A00CE2CD0 /* Products */ = {
			isa = PBXGroup;
			children = (
				F378E0511E76369A00CE2CD0 /* FYPFoodDiaryApp.app */,
				F378E0651E76369A00CE2CD0 /* FYPFoodDiaryAppTests.xctest */,
				F378E0701E76369A00CE2CD0 /* FYPFoodDiaryAppUITests.xctest */,
			);
			name = Products;
			sourceTree = "<group>";
		};
		F378E0531E76369A00CE2CD0 /* FYPFoodDiaryApp */ = {
			isa = PBXGroup;
			children = (
				F378E0541E76369A00CE2CD0 /* AppDelegate.swift */,
				F378E0561E76369A00CE2CD0 /* ViewController.swift */,
				F378E0581E76369A00CE2CD0 /* Main.storyboard */,
				F378E05B1E76369A00CE2CD0 /* Assets.xcassets */,
				F378E05D1E76369A00CE2CD0 /* LaunchScreen.storyboard */,
				F378E0601E76369A00CE2CD0 /* Info.plist */,
			);
			path = FYPFoodDiaryApp;
			sourceTree = "<group>";
		};
		F378E0681E76369A00CE2CD0 /* FYPFoodDiaryAppTests */ = {
			isa = PBXGroup;
			children = (
				F378E0691E76369A00CE2CD0 /* FYPFoodDiaryAppTests.swift */,
				F378E06B1E76369A00CE2CD0 /* Info.plist */,
			);
			path = FYPFoodDiaryAppTests;
			sourceTree = "<group>";
		};
		F378E0731E76369A00CE2CD0 /* FYPFoodDiaryAppUITests */ = {
			isa = PBXGroup;
			children = (
				F378E0741E76369A00CE2CD0 /* FYPFoodDiaryAppUITests.swift */,
				F378E0761E76369A00CE2CD0 /* Info.plist */,
			);
			path = FYPFoodDiaryAppUITests;
			sourceTree = "<group>";
		};
/* End PBXGroup section */

/* Begin PBXNativeTarget section */
		F378E0501E76369A00CE2CD0 /* FYPFoodDiaryApp */ = {
			isa = PBXNativeTarget;
			buildConfigurationList = F378E0791E76369A00CE2CD0 /* Build configuration list for PBXNativeTarget "FYPFoodDiaryApp" */;
			buildPhases = (
				F378E04D1E76369A00CE2CD0 /* Sources */,
				F378E04E1E76369A00CE2CD0 /* Frameworks */,
				F378E04F1E76369A00CE2CD0 /* Resources */,
			);
			buildRules = (
			);
			dependencies = (
			);
			name = FYPFoodDiaryApp;
			productName = FYPFoodDiaryApp;
			productReference = F378E0511E76369A00CE2CD0 /* FYPFoodDiaryApp.app */;
			productType = "com.apple.product-type.application";
		};
		F378E0641E76369A00CE2CD0 /* FYPFoodDiaryAppTests */ = {
			isa = PBXNativeTarget;
			buildConfigurationList = F378E07C1E76369A00CE2CD0 /* Build configuration list for PBXNativeTarget "FYPFoodDiaryAppTests" */;
			buildPhases = (
				F378E0611E76369A00CE2CD0 /* Sources */,
				F378E0621E76369A00CE2CD0 /* Frameworks */,
				F378E0631E76369A00CE2CD0 /* Resources */,
			);
			buildRules = (
			);
			dependencies = (
				F378E0671E76369A00CE2CD0 /* PBXTargetDependency */,
			);
			name = FYPFoodDiaryAppTests;
			productName = FYPFoodDiaryAppTests;
			productReference = F378E0651E76369A00CE2CD0 /* FYPFoodDiaryAppTests.xctest */;
			productType = "com.apple.product-type.bundle.unit-test";
		};
		F378E06F1E76369A00CE2CD0 /* FYPFoodDiaryAppUITests */ = {
			isa = PBXNativeTarget;
			buildConfigurationList = F378E07F1E76369A00CE2CD0 /* Build configuration list for PBXNativeTarget "FYPFoodDiaryAppUITests" */;
			buildPhases = (
				F378E06C1E76369A00CE2CD0 /* Sources */,
				F378E06D1E76369A00CE2CD0 /* Frameworks */,
				F378E06E1E76369A00CE2CD0 /* Resources */,
			);
			buildRules = (
			);
			dependencies = (
				F378E0721E76369A00CE2CD0 /* PBXTargetDependency */,
			);
			name = FYPFoodDiaryAppUITests;
			productName = FYPFoodDiaryAppUITests;
			productReference = F378E0701E76369A00CE2CD0 /* FYPFoodDiaryAppUITests.xctest */;
			productType = "com.apple.product-type.bundle.ui-testing";
		};
/* End PBXNativeTarget section */

/* Begin PBXProject section */
		F378E0491E76369A00CE2CD0 /* Project object */ = {
			isa = PBXProject;
			attributes = {
				LastSwiftUpdateCheck = 0820;
				LastUpgradeCheck = 0820;
				ORGANIZATIONNAME = "Aine Barry";
				TargetAttributes = {
					F378E0501E76369A00CE2CD0 = {
						CreatedOnToolsVersion = 8.2.1;
						ProvisioningStyle = Automatic;
					};
					F378E0641E76369A00CE2CD0 = {
						CreatedOnToolsVersion = 8.2.1;
						ProvisioningStyle = Automatic;
						TestTargetID = F378E0501E76369A00CE2CD0;
					};
					F378E06F1E76369A00CE2CD0 = {
						CreatedOnToolsVersion = 8.2.1;
						ProvisioningStyle = Automatic;
						TestTargetID = F378E0501E76369A00CE2CD0;
					};
				};
			};
			buildConfigurationList = F378E04C1E76369A00CE2CD0 /* Build configuration list for PBXProject "FYPFoodDiaryApp" */;
			compatibilityVersion = "Xcode 3.2";
			developmentRegion = English;
			hasScannedForEncodings = 0;
			knownRegions = (
				en,
				Base,
			);
			mainGroup = F378E0481E76369A00CE2CD0;
			productRefGroup = F378E0521E76369A00CE2CD0 /* Products */;
			projectDirPath = "";
			projectRoot = "";
			targets = (
				F378E0501E76369A00CE2CD0 /* FYPFoodDiaryApp */,
				F378E0641E76369A00CE2CD0 /* FYPFoodDiaryAppTests */,
				F378E06F1E76369A00CE2CD0 /* FYPFoodDiaryAppUITests */,
			);
		};
/* End PBXProject section */

/* Begin PBXResourcesBuildPhase section */
		F378E04F1E76369A00CE2CD0 /* Resources */ = {
			isa = PBXResourcesBuildPhase;
			buildActionMask = 2147483647;
			files = (
				F378E05F1E76369A00CE2CD0 /* LaunchScreen.storyboard in Resources */,
				F378E05C1E76369A00CE2CD0 /* Assets.xcassets in Resources */,
				F378E05A1E76369A00CE2CD0 /* Main.storyboard in Resources */,
			);
			runOnlyForDeploymentPostprocessing = 0;
		};
		F378E0631E76369A00CE2CD0 /* Resources */ = {
			isa = PBXResourcesBuildPhase;
			buildActionMask = 2147483647;
			files = (
			);
			runOnlyForDeploymentPostprocessing = 0;
		};
		F378E06E1E76369A00CE2CD0 /* Resources */ = {
			isa = PBXResourcesBuildPhase;
			buildActionMask = 2147483647;
			files = (
			);
			runOnlyForDeploymentPostprocessing = 0;
		};
/* End PBXResourcesBuildPhase section */

/* Begin PBXSourcesBuildPhase section */
		F378E04D1E76369A00CE2CD0 /* Sources */ = {
			isa = PBXSourcesBuildPhase;
			buildActionMask = 2147483647;
			files = (
				F378E0571E76369A00CE2CD0 /* ViewController.swift in Sources */,
				F378E0551E76369A00CE2CD0 /* AppDelegate.swift in Sources */,
			);
			runOnlyForDeploymentPostprocessing = 0;
		};
		F378E0611E76369A00CE2CD0 /* Sources */ = {
			isa = PBXSourcesBuildPhase;
			buildActionMask = 2147483647;
			files = (
				F378E06A1E76369A00CE2CD0 /* FYPFoodDiaryAppTests.swift in Sources */,
			);
			runOnlyForDeploymentPostprocessing = 0;
		};
		F378E06C1E76369A00CE2CD0 /* Sources */ = {
			isa = PBXSourcesBuildPhase;
			buildActionMask = 2147483647;
			files = (
				F378E0751E76369A00CE2CD0 /* FYPFoodDiaryAppUITests.swift in Sources */,
			);
			runOnlyForDeploymentPostprocessing = 0;
		};
/* End PBXSourcesBuildPhase section */

/* Begin PBXTargetDependency section */
		F378E0671E76369A00CE2CD0 /* PBXTargetDependency */ = {
			isa = PBXTargetDependency;
			target = F378E0501E76369A00CE2CD0 /* FYPFoodDiaryApp */;
			targetProxy = F378E0661E76369A00CE2CD0 /* PBXContainerItemProxy */;
		};
		F378E0721E76369A00CE2CD0 /* PBXTargetDependency */ = {
			isa = PBXTargetDependency;
			target = F378E0501E76369A00CE2CD0 /* FYPFoodDiaryApp */;
			targetProxy = F378E0711E76369A00CE2CD0 /* PBXContainerItemProxy */;
		};
/* End PBXTargetDependency section */

/* Begin PBXVariantGroup section */
		F378E0581E76369A00CE2CD0 /* Main.storyboard */ = {
			isa = PBXVariantGroup;
			children = (
				F378E0591E76369A00CE2CD0 /* Base */,
			);
			name = Main.storyboard;
			sourceTree = "<group>";
		};
		F378E05D1E76369A00CE2CD0 /* LaunchScreen.storyboard */ = {
			isa = PBXVariantGroup;
			children = (
				F378E05E1E76369A00CE2CD0 /* Base */,
			);
			name = LaunchScreen.storyboard;
			sourceTree = "<group>";
		};
/* End PBXVariantGroup section */

/* Begin XCBuildConfiguration section */
		F378E0771E76369A00CE2CD0 /* Debug */ = {
			isa = XCBuildConfiguration;
			buildSettings = {
				ALWAYS_SEARCH_USER_PATHS = NO;
				CLANG_ANALYZER_NONNULL = YES;
				CLANG_CXX_LANGUAGE_STANDARD = "gnu++0x";
				CLANG_CXX_LIBRARY = "libc++";
				CLANG_ENABLE_MODULES = YES;
				CLANG_ENABLE_OBJC_ARC = YES;
				CLANG_WARN_BOOL_CONVERSION = YES;
				CLANG_WARN_CONSTANT_CONVERSION = YES;
				CLANG_WARN_DIRECT_OBJC_ISA_USAGE = YES_ERROR;
				CLANG_WARN_DOCUMENTATION_COMMENTS = YES;
				CLANG_WARN_EMPTY_BODY = YES;
				CLANG_WARN_ENUM_CONVERSION = YES;
				CLANG_WARN_INFINITE_RECURSION = YES;
				CLANG_WARN_INT_CONVERSION = YES;
				CLANG_WARN_OBJC_ROOT_CLASS = YES_ERROR;
				CLANG_WARN_SUSPICIOUS_MOVE = YES;
				CLANG_WARN_UNREACHABLE_CODE = YES;
				CLANG_WARN__DUPLICATE_METHOD_MATCH = YES;
				"CODE_SIGN_IDENTITY[sdk=iphoneos*]" = "iPhone Developer";
				COPY_PHASE_STRIP = NO;
				DEBUG_INFORMATION_FORMAT = dwarf;
				ENABLE_STRICT_OBJC_MSGSEND = YES;
				ENABLE_TESTABILITY = YES;
				GCC_C_LANGUAGE_STANDARD = gnu99;
				GCC_DYNAMIC_NO_PIC = NO;
				GCC_NO_COMMON_BLOCKS = YES;
				GCC_OPTIMIZATION_LEVEL = 0;
				GCC_PREPROCESSOR_DEFINITIONS = (
					"DEBUG=1",
					"$(inherited)",
				);
				GCC_WARN_64_TO_32_BIT_CONVERSION = YES;
				GCC_WARN_ABOUT_RETURN_TYPE = YES_ERROR;
				GCC_WARN_UNDECLARED_SELECTOR = YES;
				GCC_WARN_UNINITIALIZED_AUTOS = YES_AGGRESSIVE;
				GCC_WARN_UNUSED_FUNCTION = YES;
				GCC_WARN_UNUSED_VARIABLE = YES;
				IPHONEOS_DEPLOYMENT_TARGET = 10.2;
				MTL_ENABLE_DEBUG_INFO = YES;
				ONLY_ACTIVE_ARCH = YES;
				SDKROOT = iphoneos;
				SWIFT_ACTIVE_COMPILATION_CONDITIONS = DEBUG;
				SWIFT_OPTIMIZATION_LEVEL = "-Onone";
			};
			name = Debug;
		};
		F378E0781E76369A00CE2CD0 /* Release */ = {
			isa = XCBuildConfiguration;
			buildSettings = {
				ALWAYS_SEARCH_USER_PATHS = NO;
				CLANG_ANALYZER_NONNULL = YES;
				CLANG_CXX_LANGUAGE_STANDARD = "gnu++0x";
				CLANG_CXX_LIBRARY = "libc++";
				CLANG_ENABLE_MODULES = YES;
				CLANG_ENABLE_OBJC_ARC = YES;
				CLANG_WARN_BOOL_CONVERSION = YES;
				CLANG_WARN_CONSTANT_CONVERSION = YES;
				CLANG_WARN_DIRECT_OBJC_ISA_USAGE = YES_ERROR;
				CLANG_WARN_DOCUMENTATION_COMMENTS = YES;
				CLANG_WARN_EMPTY_BODY = YES;
				CLANG_WARN_ENUM_CONVERSION = YES;
				CLANG_WARN_INFINITE_RECURSION = YES;
				CLANG_WARN_INT_CONVERSION = YES;
				CLANG_WARN_OBJC_ROOT_CLASS = YES_ERROR;
				CLANG_WARN_SUSPICIOUS_MOVE = YES;
				CLANG_WARN_UNREACHABLE_CODE = YES;
				CLANG_WARN__DUPLICATE_METHOD_MATCH = YES;
				"CODE_SIGN_IDENTITY[sdk=iphoneos*]" = "iPhone Developer";
				COPY_PHASE_STRIP = NO;
				DEBUG_INFORMATION_FORMAT = "dwarf-with-dsym";
				ENABLE_NS_ASSERTIONS = NO;
				ENABLE_STRICT_OBJC_MSGSEND = YES;
				GCC_C_LANGUAGE_STANDARD = gnu99;
				GCC_NO_COMMON_BLOCKS = YES;
				GCC_WARN_64_TO_32_BIT_CONVERSION = YES;
				GCC_WARN_ABOUT_RETURN_TYPE = YES_ERROR;
				GCC_WARN_UNDECLARED_SELECTOR = YES;
				GCC_WARN_UNINITIALIZED_AUTOS = YES_AGGRESSIVE;
				GCC_WARN_UNUSED_FUNCTION = YES;
				GCC_WARN_UNUSED_VARIABLE = YES;
				IPHONEOS_DEPLOYMENT_TARGET = 10.2;
				MTL_ENABLE_DEBUG_INFO = NO;
				SDKROOT = iphoneos;
				SWIFT_OPTIMIZATION_LEVEL = "-Owholemodule";
				VALIDATE_PRODUCT = YES;
			};
			name = Release;
		};
		F378E07A1E76369A00CE2CD0 /* Debug */ = {
			isa = XCBuildConfiguration;
			buildSettings = {
				ASSETCATALOG_COMPILER_APPICON_NAME = AppIcon;
				INFOPLIST_FILE = FYPFoodDiaryApp/Info.plist;
				LD_RUNPATH_SEARCH_PATHS = "$(inherited) @executable_path/Frameworks";
				PRODUCT_BUNDLE_IDENTIFIER = ul.ie.csis.nutrition.FYPFoodDiaryApp;
				PRODUCT_NAME = "$(TARGET_NAME)";
				SWIFT_VERSION = 3.0;
			};
			name = Debug;
		};
		F378E07B1E76369A00CE2CD0 /* Release */ = {
			isa = XCBuildConfiguration;
			buildSettings = {
				ASSETCATALOG_COMPILER_APPICON_NAME = AppIcon;
				INFOPLIST_FILE = FYPFoodDiaryApp/Info.plist;
				LD_RUNPATH_SEARCH_PATHS = "$(inherited) @executable_path/Frameworks";
				PRODUCT_BUNDLE_IDENTIFIER = ul.ie.csis.nutrition.FYPFoodDiaryApp;
				PRODUCT_NAME = "$(TARGET_NAME)";
				SWIFT_VERSION = 3.0;
			};
			name = Release;
		};
		F378E07D1E76369A00CE2CD0 /* Debug */ = {
			isa = XCBuildConfiguration;
			buildSettings = {
				ALWAYS_EMBED_SWIFT_STANDARD_LIBRARIES = YES;
				BUNDLE_LOADER = "$(TEST_HOST)";
				INFOPLIST_FILE = FYPFoodDiaryAppTests/Info.plist;
				LD_RUNPATH_SEARCH_PATHS = "$(inherited) @executable_path/Frameworks @loader_path/Frameworks";
				PRODUCT_BUNDLE_IDENTIFIER = ul.ie.csis.nutrition.FYPFoodDiaryAppTests;
				PRODUCT_NAME = "$(TARGET_NAME)";
				SWIFT_VERSION = 3.0;
				TEST_HOST = "$(BUILT_PRODUCTS_DIR)/FYPFoodDiaryApp.app/FYPFoodDiaryApp";
			};
			name = Debug;
		};
		F378E07E1E76369A00CE2CD0 /* Release */ = {
			isa = XCBuildConfiguration;
			buildSettings = {
				ALWAYS_EMBED_SWIFT_STANDARD_LIBRARIES = YES;
				BUNDLE_LOADER = "$(TEST_HOST)";
				INFOPLIST_FILE = FYPFoodDiaryAppTests/Info.plist;
				LD_RUNPATH_SEARCH_PATHS = "$(inherited) @executable_path/Frameworks @loader_path/Frameworks";
				PRODUCT_BUNDLE_IDENTIFIER = ul.ie.csis.nutrition.FYPFoodDiaryAppTests;
				PRODUCT_NAME = "$(TARGET_NAME)";
				SWIFT_VERSION = 3.0;
				TEST_HOST = "$(BUILT_PRODUCTS_DIR)/FYPFoodDiaryApp.app/FYPFoodDiaryApp";
			};
			name = Release;
		};
		F378E0801E76369A00CE2CD0 /* Debug */ = {
			isa = XCBuildConfiguration;
			buildSettings = {
				ALWAYS_EMBED_SWIFT_STANDARD_LIBRARIES = YES;
				INFOPLIST_FILE = FYPFoodDiaryAppUITests/Info.plist;
				LD_RUNPATH_SEARCH_PATHS = "$(inherited) @executable_path/Frameworks @loader_path/Frameworks";
				PRODUCT_BUNDLE_IDENTIFIER = ul.ie.csis.nutrition.FYPFoodDiaryAppUITests;
				PRODUCT_NAME = "$(TARGET_NAME)";
				SWIFT_VERSION = 3.0;
				TEST_TARGET_NAME = FYPFoodDiaryApp;
			};
			name = Debug;
		};
		F378E0811E76369A00CE2CD0 /* Release */ = {
			isa = XCBuildConfiguration;
			buildSettings = {
				ALWAYS_EMBED_SWIFT_STANDARD_LIBRARIES = YES;
				INFOPLIST_FILE = FYPFoodDiaryAppUITests/Info.plist;
				LD_RUNPATH_SEARCH_PATHS = "$(inherited) @executable_path/Frameworks @loader_path/Frameworks";
				PRODUCT_BUNDLE_IDENTIFIER = ul.ie.csis.nutrition.FYPFoodDiaryAppUITests;
				PRODUCT_NAME = "$(TARGET_NAME)";
				SWIFT_VERSION = 3.0;
				TEST_TARGET_NAME = FYPFoodDiaryApp;
			};
			name = Release;
		};
/* End XCBuildConfiguration section */

/* Begin XCConfigurationList section */
		F378E04C1E76369A00CE2CD0 /* Build configuration list for PBXProject "FYPFoodDiaryApp" */ = {
			isa = XCConfigurationList;
			buildConfigurations = (
				F378E0771E76369A00CE2CD0 /* Debug */,
				F378E0781E76369A00CE2CD0 /* Release */,
			);
			defaultConfigurationIsVisible = 0;
			defaultConfigurationName = Release;
		};
		F378E0791E76369A00CE2CD0 /* Build configuration list for PBXNativeTarget "FYPFoodDiaryApp" */ = {
			isa = XCConfigurationList;
			buildConfigurations = (
				F378E07A1E76369A00CE2CD0 /* Debug */,
				F378E07B1E76369A00CE2CD0 /* Release */,
			);
			defaultConfigurationIsVisible = 0;
		};
		F378E07C1E76369A00CE2CD0 /* Build configuration list for PBXNativeTarget "FYPFoodDiaryAppTests" */ = {
			isa = XCConfigurationList;
			buildConfigurations = (
				F378E07D1E76369A00CE2CD0 /* Debug */,
				F378E07E1E76369A00CE2CD0 /* Release */,
			);
			defaultConfigurationIsVisible = 0;
		};
		F378E07F1E76369A00CE2CD0 /* Build configuration list for PBXNativeTarget "FYPFoodDiaryAppUITests" */ = {
			isa = XCConfigurationList;
			buildConfigurations = (
				F378E0801E76369A00CE2CD0 /* Debug */,
				F378E0811E76369A00CE2CD0 /* Release */,
			);
			defaultConfigurationIsVisible = 0;
		};
/* End XCConfigurationList section */
	};
	rootObject = F378E0491E76369A00CE2CD0 /* Project object */;
}
